Microsoft Visual Studio Solution File, Format Version 12.00
# Visual Studio Version 16
VisualStudioVersion = 16.0.0.0
MinimumVisualStudioVersion = 16.0.0.0
Project("{9A19103F-16F7-4668-BE54-9A1E7A4F7556}") = "ForStock.Server", "Server\ForStock.Server.csproj", "{5CA45932-EE66-47A8-AB46-E999B8D5D867}"
EndProject
Project("{9A19103F-16F7-4668-BE54-9A1E7A4F7556}") = "ForStock.Client", "Client\ForStock.Client.csproj", "{674E9AAB-9914-4452-A983-2128E5448BDD}"
EndProject
Project("{9A19103F-16F7-4668-BE54-9A1E7A4F7556}") = "ForStock.Shared", "Shared\ForStock.Shared.csproj", "{EB404BB3-75EE-424F-AAD0-46E9A9014B80}"
EndProject
Global
	GlobalSection(SolutionConfigurationPlatforms) = preSolution
		Debug|Any CPU = Debug|Any CPU
		Debug|x64 = Debug|x64
		Debug|x86 = Debug|x86
		Release|Any CPU = Release|Any CPU
		Release|x64 = Release|x64
		Release|x86 = Release|x86
	EndGlobalSection
	GlobalSection(ProjectConfigurationPlatforms) = postSolution
		{5CA45932-EE66-47A8-AB46-E999B8D5D867}.Debug|Any CPU.ActiveCfg = Debug|Any CPU
		{5CA45932-EE66-47A8-AB46-E999B8D5D867}.Debug|Any CPU.Build.0 = Debug|Any CPU
		{5CA45932-EE66-47A8-AB46-E999B8D5D867}.Debug|x64.ActiveCfg = Debug|Any CPU
		{5CA45932-EE66-47A8-AB46-E999B8D5D867}.Debug|x64.Build.0 = Debug|Any CPU
		{5CA45932-EE66-47A8-AB46-E999B8D5D867}.Debug|x86.ActiveCfg = Debug|Any CPU
		{5CA45932-EE66-47A8-AB46-E999B8D5D867}.Debug|x86.Build.0 = Debug|Any CPU
		{5CA45932-EE66-47A8-AB46-E999B8D5D867}.Release|Any CPU.ActiveCfg = Release|Any CPU
		{5CA45932-EE66-47A8-AB46-E999B8D5D867}.Release|Any CPU.Build.0 = Release|Any CPU
		{5CA45932-EE66-47A8-AB46-E999B8D5D867}.Release|x64.ActiveCfg = Release|Any CPU
		{5CA45932-EE66-47A8-AB46-E999B8D5D867}.Release|x64.Build.0 = Release|Any CPU
		{5CA45932-EE66-47A8-AB46-E999B8D5D867}.Release|x86.ActiveCfg = Release|Any CPU
		{5CA45932-EE66-47A8-AB46-E999B8D5D867}.Release|x86.Build.0 = Release|Any CPU
		{674E9AAB-9914-4452-A983-2128E5448BDD}.Debug|Any CPU.ActiveCfg = Debug|Any CPU
		{674E9AAB-9914-4452-A983-2128E5448BDD}.Debug|Any CPU.Build.0 = Debug|Any CPU
		{674E9AAB-9914-4452-A983-2128E5448BDD}.Debug|x64.ActiveCfg = Debug|Any CPU
		{674E9AAB-9914-4452-A983-2128E5448BDD}.Debug|x64.Build.0 = Debug|Any CPU
		{674E9AAB-9914-4452-A983-2128E5448BDD}.Debug|x86.ActiveCfg = Debug|Any CPU
		{674E9AAB-9914-4452-A983-2128E5448BDD}.Debug|x86.Build.0 = Debug|Any CPU
		{674E9AAB-9914-4452-A983-2128E5448BDD}.Release|Any CPU.ActiveCfg = Release|Any CPU
		{674E9AAB-9914-4452-A983-2128E5448BDD}.Release|Any CPU.Build.0 = Release|Any CPU
		{674E9AAB-9914-4452-A983-2128E5448BDD}.Release|x64.ActiveCfg = Release|Any CPU
		{674E9AAB-9914-4452-A983-2128E5448BDD}.Release|x64.Build.0 = Release|Any CPU
		{674E9AAB-9914-4452-A983-2128E5448BDD}.Release|x86.ActiveCfg = Release|Any CPU
		{674E9AAB-9914-4452-A983-2128E5448BDD}.Release|x86.Build.0 = Release|Any CPU
		{EB404BB3-75EE-424F-AAD0-46E9A9014B80}.Debug|Any CPU.ActiveCfg = Debug|Any CPU
		{EB404BB3-75EE-424F-AAD0-46E9A9014B80}.Debug|Any CPU.Build.0 = Debug|Any CPU
		{EB404BB3-75EE-424F-AAD0-46E9A9014B80}.Debug|x64.ActiveCfg = Debug|Any CPU
		{EB404BB3-75EE-424F-AAD0-46E9A9014B80}.Debug|x64.Build.0 = Debug|Any CPU
		{EB404BB3-75EE-424F-AAD0-46E9A9014B80}.Debug|x86.ActiveCfg = Debug|Any CPU
		{EB404BB3-75EE-424F-AAD0-46E9A9014B80}.Debug|x86.Build.0 = Debug|Any CPU
		{EB404BB3-75EE-424F-AAD0-46E9A9014B80}.Release|Any CPU.ActiveCfg = Release|Any CPU
		{EB404BB3-75EE-424F-AAD0-46E9A9014B80}.Release|Any CPU.Build.0 = Release|Any CPU
		{EB404BB3-75EE-424F-AAD0-46E9A9014B80}.Release|x64.ActiveCfg = Release|Any CPU
		{EB404BB3-75EE-424F-AAD0-46E9A9014B80}.Release|x64.Build.0 = Release|Any CPU
		{EB404BB3-75EE-424F-AAD0-46E9A9014B80}.Release|x86.ActiveCfg = Release|Any CPU
		{EB404BB3-75EE-424F-AAD0-46E9A9014B80}.Release|x86.Build.0 = Release|Any CPU
	EndGlobalSection
	GlobalSection(SolutionProperties) = preSolution
		HideSolutionNode = FALSE
	EndGlobalSection
	GlobalSection(ExtensibilityGlobals) = postSolution
		SolutionGuid = {5F712016-A9B9-4FDD-A3B5-2380F8D769C9}
	EndGlobalSection
EndGlobal
